
Microsoft Visual Studio Solution File, Format Version 12.00
# Visual Studio Version 16
VisualStudioVersion = 16.0.32002.261
MinimumVisualStudioVersion = 10.0.40219.1
Project("{FAE04EC0-301F-11D3-BF4B-00C04F79EFBC}") = "Lmstest", "Lmstest\Lmstest.csproj", "{0018C473-55D4-4381-9327-E1C4AE6E0B3B}"
EndProject
Global
	GlobalSection(SolutionConfigurationPlatforms) = preSolution
		Debug|Any CPU = Debug|Any CPU
		Release|Any CPU = Release|Any CPU
	EndGlobalSection
	GlobalSection(ProjectConfigurationPlatforms) = postSolution
		{0018C473-55D4-4381-9327-E1C4AE6E0B3B}.Debug|Any CPU.ActiveCfg = Debug|Any CPU
		{0018C473-55D4-4381-9327-E1C4AE6E0B3B}.Debug|Any CPU.Build.0 = Debug|Any CPU
		{0018C473-55D4-4381-9327-E1C4AE6E0B3B}.Release|Any CPU.ActiveCfg = Release|Any CPU
		{0018C473-55D4-4381-9327-E1C4AE6E0B3B}.Release|Any CPU.Build.0 = Release|Any CPU
	EndGlobalSection
	GlobalSection(SolutionProperties) = preSolution
		HideSolutionNode = FALSE
	EndGlobalSection
	GlobalSection(ExtensibilityGlobals) = postSolution
		SolutionGuid = {F92BD8B4-B145-4E37-B70D-FD9EFE08EA31}
	EndGlobalSection
EndGlobal
